
Microsoft Visual Studio Solution File, Format Version 12.00
# Visual Studio Version 17
VisualStudioVersion = 17.0.32112.339
MinimumVisualStudioVersion = 10.0.40219.1
Project("{FAE04EC0-301F-11D3-BF4B-00C04F79EFBC}") = "Course work 4 semestr", "Course work 4 semestr.csproj", "{2F676234-B082-43F8-924C-5C8F2BE9E4E7}"
EndProject
Global
	GlobalSection(SolutionConfigurationPlatforms) = preSolution
		Debug|Any CPU = Debug|Any CPU
		Release|Any CPU = Release|Any CPU
	EndGlobalSection
	GlobalSection(ProjectConfigurationPlatforms) = postSolution
		{2F676234-B082-43F8-924C-5C8F2BE9E4E7}.Debug|Any CPU.ActiveCfg = Debug|Any CPU
		{2F676234-B082-43F8-924C-5C8F2BE9E4E7}.Debug|Any CPU.Build.0 = Debug|Any CPU
		{2F676234-B082-43F8-924C-5C8F2BE9E4E7}.Release|Any CPU.ActiveCfg = Release|Any CPU
		{2F676234-B082-43F8-924C-5C8F2BE9E4E7}.Release|Any CPU.Build.0 = Release|Any CPU
	EndGlobalSection
	GlobalSection(SolutionProperties) = preSolution
		HideSolutionNode = FALSE
	EndGlobalSection
	GlobalSection(ExtensibilityGlobals) = postSolution
		SolutionGuid = {8B19706F-ECCC-4538-ACCA-539C7B5027D8}
	EndGlobalSection
EndGlobal
